{
  "name": "19. ToDo events",
  "lockfileVersion": 3,
  "requires": true,
  "packages": {
    "": {
      "dependencies": {
        "sweetalert2": "*"
      }
    },
    "ode_modules/sweetalert2": {
      "version": "11.10.7",
      "resolved": "https://registry.npmjs.org/sweetalert2/-/sweetalert2-11.10.7.tgz",
      "integrity": "sha512-5Jlzrmaitay6KzU+2+LhYu9q+L4v/dZ8oZyEDH14ep0C/QilCnFLHmqAyD/Lhq/lm5DiwsOs6Tr58iv8k3wyGg==",
      "extraneous": true,
      "devDependencies": {
        "@babel/core": "^7.19.6",
        "@babel/preset-env": "^7.19.4",
        "@rollup/plugin-babel": "^6.0.2",
        "@rollup/plugin-terser": "^0.4.0",
        "@sweetalert2/eslint-config": "^1.0.11",
        "@sweetalert2/stylelint-config": "^3.0.0",
        "cypress": "^13.0.0",
        "eslint": "^8.24.0",
        "eslint-plugin-cypress": "^2.12.1",
        "eslint-plugin-jsdoc": "^48.0.0",
        "eslint-plugin-no-unsanitized": "^4.0.1",
        "jquery": "^3.6.1",
        "playwright-webkit": "^1.37.1",
        "prettier": "^3.0.0",
        "rollup": "^4.0.0",
        "sass": "^1.55.0",
        "stylelint": "^16.0.0",
        "typescript": "4.7.4",
        "vite": "^5.0.0",
        "zx": "^7.1.1"
      },
      "funding": {
        "type": "individual",
        "url": "https://github.com/sponsors/limonte"
      }
    }
  }
}
